
Microsoft Visual Studio Solution File, Format Version 12.00
Project("{FAE04EC0-301F-11D3-BF4B-00C04F79EFBC}") = "Application", "Application\Application.csproj", "{FC7CC791-34AB-4D63-A892-C778484C8C0D}"
EndProject
Project("{FAE04EC0-301F-11D3-BF4B-00C04F79EFBC}") = "Menu", "Menu\Menu.csproj", "{A2F8EB35-99CD-4137-9D4A-9678BB082E25}"
EndProject
Project("{FAE04EC0-301F-11D3-BF4B-00C04F79EFBC}") = "Contracts.Menu", "Contracts.Menu\Contracts.Menu.csproj", "{391B0512-7080-4E85-9AFA-68BFB7ED56C3}"
EndProject
Project("{FAE04EC0-301F-11D3-BF4B-00C04F79EFBC}") = "GameSetupUiProviders", "GameSetupUiProviders\GameSetupUiProviders.csproj", "{51B12733-726B-4A37-A83A-9A4C920C1E1C}"
EndProject
Project("{2150E333-8FDC-42A3-9474-1A3956D46DE8}") = "Application", "Application", "{2526A3AE-730B-4ECB-B189-88136078226C}"
ProjectSection(SolutionItems) = preProject
	README.md = README.md
	properties.json = properties.json
EndProjectSection
EndProject
Project("{2150E333-8FDC-42A3-9474-1A3956D46DE8}") = "Contracts", "Contracts", "{CEBA5EDE-1EFB-4B0F-95B0-9657B5641481}"
EndProject
Project("{FAE04EC0-301F-11D3-BF4B-00C04F79EFBC}") = "Contracts.Validator", "Contracts.Validator\Contracts.Validator.csproj", "{54F2CE33-7999-4002-9BD7-E259740E411A}"
EndProject
Project("{FAE04EC0-301F-11D3-BF4B-00C04F79EFBC}") = "DAL", "DAL\DAL.csproj", "{F331FEC6-5EE2-4AE8-BB7C-CDD7FF9183C3}"
EndProject
Project("{FAE04EC0-301F-11D3-BF4B-00C04F79EFBC}") = "Domain", "Domain\Domain.csproj", "{5C5B38B1-1740-4855-8623-77E6DDE7A0FE}"
EndProject
Project("{FAE04EC0-301F-11D3-BF4B-00C04F79EFBC}") = "WebApplication", "WebApplication\WebApplication.csproj", "{96DB9C14-AF61-45BE-A864-74F89E748AC5}"
EndProject
Global
	GlobalSection(SolutionConfigurationPlatforms) = preSolution
		Debug|Any CPU = Debug|Any CPU
		Release|Any CPU = Release|Any CPU
	EndGlobalSection
	GlobalSection(ProjectConfigurationPlatforms) = postSolution
		{FC7CC791-34AB-4D63-A892-C778484C8C0D}.Debug|Any CPU.ActiveCfg = Debug|Any CPU
		{FC7CC791-34AB-4D63-A892-C778484C8C0D}.Debug|Any CPU.Build.0 = Debug|Any CPU
		{FC7CC791-34AB-4D63-A892-C778484C8C0D}.Release|Any CPU.ActiveCfg = Release|Any CPU
		{FC7CC791-34AB-4D63-A892-C778484C8C0D}.Release|Any CPU.Build.0 = Release|Any CPU
		{A2F8EB35-99CD-4137-9D4A-9678BB082E25}.Debug|Any CPU.ActiveCfg = Debug|Any CPU
		{A2F8EB35-99CD-4137-9D4A-9678BB082E25}.Debug|Any CPU.Build.0 = Debug|Any CPU
		{A2F8EB35-99CD-4137-9D4A-9678BB082E25}.Release|Any CPU.ActiveCfg = Release|Any CPU
		{A2F8EB35-99CD-4137-9D4A-9678BB082E25}.Release|Any CPU.Build.0 = Release|Any CPU
		{391B0512-7080-4E85-9AFA-68BFB7ED56C3}.Debug|Any CPU.ActiveCfg = Debug|Any CPU
		{391B0512-7080-4E85-9AFA-68BFB7ED56C3}.Debug|Any CPU.Build.0 = Debug|Any CPU
		{391B0512-7080-4E85-9AFA-68BFB7ED56C3}.Release|Any CPU.ActiveCfg = Release|Any CPU
		{391B0512-7080-4E85-9AFA-68BFB7ED56C3}.Release|Any CPU.Build.0 = Release|Any CPU
		{51B12733-726B-4A37-A83A-9A4C920C1E1C}.Debug|Any CPU.ActiveCfg = Debug|Any CPU
		{51B12733-726B-4A37-A83A-9A4C920C1E1C}.Debug|Any CPU.Build.0 = Debug|Any CPU
		{51B12733-726B-4A37-A83A-9A4C920C1E1C}.Release|Any CPU.ActiveCfg = Release|Any CPU
		{51B12733-726B-4A37-A83A-9A4C920C1E1C}.Release|Any CPU.Build.0 = Release|Any CPU
		{54F2CE33-7999-4002-9BD7-E259740E411A}.Debug|Any CPU.ActiveCfg = Debug|Any CPU
		{54F2CE33-7999-4002-9BD7-E259740E411A}.Debug|Any CPU.Build.0 = Debug|Any CPU
		{54F2CE33-7999-4002-9BD7-E259740E411A}.Release|Any CPU.ActiveCfg = Release|Any CPU
		{54F2CE33-7999-4002-9BD7-E259740E411A}.Release|Any CPU.Build.0 = Release|Any CPU
		{F331FEC6-5EE2-4AE8-BB7C-CDD7FF9183C3}.Debug|Any CPU.ActiveCfg = Debug|Any CPU
		{F331FEC6-5EE2-4AE8-BB7C-CDD7FF9183C3}.Debug|Any CPU.Build.0 = Debug|Any CPU
		{F331FEC6-5EE2-4AE8-BB7C-CDD7FF9183C3}.Release|Any CPU.ActiveCfg = Release|Any CPU
		{F331FEC6-5EE2-4AE8-BB7C-CDD7FF9183C3}.Release|Any CPU.Build.0 = Release|Any CPU
		{5C5B38B1-1740-4855-8623-77E6DDE7A0FE}.Debug|Any CPU.ActiveCfg = Debug|Any CPU
		{5C5B38B1-1740-4855-8623-77E6DDE7A0FE}.Debug|Any CPU.Build.0 = Debug|Any CPU
		{5C5B38B1-1740-4855-8623-77E6DDE7A0FE}.Release|Any CPU.ActiveCfg = Release|Any CPU
		{5C5B38B1-1740-4855-8623-77E6DDE7A0FE}.Release|Any CPU.Build.0 = Release|Any CPU
		{96DB9C14-AF61-45BE-A864-74F89E748AC5}.Debug|Any CPU.ActiveCfg = Debug|Any CPU
		{96DB9C14-AF61-45BE-A864-74F89E748AC5}.Debug|Any CPU.Build.0 = Debug|Any CPU
		{96DB9C14-AF61-45BE-A864-74F89E748AC5}.Release|Any CPU.ActiveCfg = Release|Any CPU
		{96DB9C14-AF61-45BE-A864-74F89E748AC5}.Release|Any CPU.Build.0 = Release|Any CPU
	EndGlobalSection
	GlobalSection(NestedProjects) = preSolution
		{FC7CC791-34AB-4D63-A892-C778484C8C0D} = {2526A3AE-730B-4ECB-B189-88136078226C}
		{51B12733-726B-4A37-A83A-9A4C920C1E1C} = {2526A3AE-730B-4ECB-B189-88136078226C}
		{A2F8EB35-99CD-4137-9D4A-9678BB082E25} = {2526A3AE-730B-4ECB-B189-88136078226C}
		{391B0512-7080-4E85-9AFA-68BFB7ED56C3} = {CEBA5EDE-1EFB-4B0F-95B0-9657B5641481}
		{54F2CE33-7999-4002-9BD7-E259740E411A} = {CEBA5EDE-1EFB-4B0F-95B0-9657B5641481}
		{F331FEC6-5EE2-4AE8-BB7C-CDD7FF9183C3} = {2526A3AE-730B-4ECB-B189-88136078226C}
		{5C5B38B1-1740-4855-8623-77E6DDE7A0FE} = {2526A3AE-730B-4ECB-B189-88136078226C}
	EndGlobalSection
EndGlobal
